
Microsoft Visual Studio Solution File, Format Version 12.00
# Visual Studio 14
VisualStudioVersion = 14.0.24720.0
MinimumVisualStudioVersion = 10.0.40219.1
Project("{FAE04EC0-301F-11D3-BF4B-00C04F79EFBC}") = "Maklak.Client.Web", "Maklak.Client.Web\Maklak.Client.Web\Maklak.Client.Web.csproj", "{E4BD6FF1-0EA3-4754-BB9C-A022BE31C7F8}"
EndProject
Project("{FAE04EC0-301F-11D3-BF4B-00C04F79EFBC}") = "Maklak.Client.Web.Tests", "Maklak.Client.Web\Maklak.Client.Web.Tests\Maklak.Client.Web.Tests.csproj", "{2304209F-D4D0-4080-BA02-0D6539FC18EA}"
EndProject
Project("{FAE04EC0-301F-11D3-BF4B-00C04F79EFBC}") = "Maklak.Client.Models", "Maklak.Client.Models\Maklak.Client.Models.csproj", "{6D42AD31-6226-4A90-87CE-902DF0EB9014}"
EndProject
Project("{FAE04EC0-301F-11D3-BF4B-00C04F79EFBC}") = "Maklak.Client.Data", "Maklak.Client.Data\Maklak.Client.Data.csproj", "{F656B1CA-01E9-445E-BEF0-D14D13D99513}"
EndProject
Project("{FAE04EC0-301F-11D3-BF4B-00C04F79EFBC}") = "Maklak.Client.Proxy", "Maklak.Client.Proxy\Maklak.Client.Proxy.csproj", "{C433D501-620A-45E1-A81F-5479D6AB809C}"
EndProject
Global
	GlobalSection(SolutionConfigurationPlatforms) = preSolution
		Debug|Any CPU = Debug|Any CPU
		Release|Any CPU = Release|Any CPU
	EndGlobalSection
	GlobalSection(ProjectConfigurationPlatforms) = postSolution
		{E4BD6FF1-0EA3-4754-BB9C-A022BE31C7F8}.Debug|Any CPU.ActiveCfg = Debug|Any CPU
		{E4BD6FF1-0EA3-4754-BB9C-A022BE31C7F8}.Debug|Any CPU.Build.0 = Debug|Any CPU
		{E4BD6FF1-0EA3-4754-BB9C-A022BE31C7F8}.Release|Any CPU.ActiveCfg = Release|Any CPU
		{E4BD6FF1-0EA3-4754-BB9C-A022BE31C7F8}.Release|Any CPU.Build.0 = Release|Any CPU
		{2304209F-D4D0-4080-BA02-0D6539FC18EA}.Debug|Any CPU.ActiveCfg = Debug|Any CPU
		{2304209F-D4D0-4080-BA02-0D6539FC18EA}.Debug|Any CPU.Build.0 = Debug|Any CPU
		{2304209F-D4D0-4080-BA02-0D6539FC18EA}.Release|Any CPU.ActiveCfg = Release|Any CPU
		{2304209F-D4D0-4080-BA02-0D6539FC18EA}.Release|Any CPU.Build.0 = Release|Any CPU
		{6D42AD31-6226-4A90-87CE-902DF0EB9014}.Debug|Any CPU.ActiveCfg = Debug|Any CPU
		{6D42AD31-6226-4A90-87CE-902DF0EB9014}.Debug|Any CPU.Build.0 = Debug|Any CPU
		{6D42AD31-6226-4A90-87CE-902DF0EB9014}.Release|Any CPU.ActiveCfg = Release|Any CPU
		{6D42AD31-6226-4A90-87CE-902DF0EB9014}.Release|Any CPU.Build.0 = Release|Any CPU
		{F656B1CA-01E9-445E-BEF0-D14D13D99513}.Debug|Any CPU.ActiveCfg = Debug|Any CPU
		{F656B1CA-01E9-445E-BEF0-D14D13D99513}.Debug|Any CPU.Build.0 = Debug|Any CPU
		{F656B1CA-01E9-445E-BEF0-D14D13D99513}.Release|Any CPU.ActiveCfg = Release|Any CPU
		{F656B1CA-01E9-445E-BEF0-D14D13D99513}.Release|Any CPU.Build.0 = Release|Any CPU
		{C433D501-620A-45E1-A81F-5479D6AB809C}.Debug|Any CPU.ActiveCfg = Debug|Any CPU
		{C433D501-620A-45E1-A81F-5479D6AB809C}.Debug|Any CPU.Build.0 = Debug|Any CPU
		{C433D501-620A-45E1-A81F-5479D6AB809C}.Release|Any CPU.ActiveCfg = Release|Any CPU
		{C433D501-620A-45E1-A81F-5479D6AB809C}.Release|Any CPU.Build.0 = Release|Any CPU
	EndGlobalSection
	GlobalSection(SolutionProperties) = preSolution
		HideSolutionNode = FALSE
	EndGlobalSection
EndGlobal
