
Microsoft Visual Studio Solution File, Format Version 12.00
# Visual Studio Version 16
VisualStudioVersion = 16.0.30011.22
MinimumVisualStudioVersion = 10.0.40219.1
Project("{9A19103F-16F7-4668-BE54-9A1E7A4F7556}") = "Maklak.Service", "Maklak.Service\Maklak.Service.csproj", "{C8928404-5B95-4480-A254-7A69E5F50277}"
EndProject
Project("{9A19103F-16F7-4668-BE54-9A1E7A4F7556}") = "Maklak.Service.Data", "Maklak.Service.Data\Maklak.Service.Data.csproj", "{576788CF-3EB7-48AD-BA81-E8033BEC54BE}"
EndProject
Project("{FAE04EC0-301F-11D3-BF4B-00C04F79EFBC}") = "Maklak.Service.DataSets", "Maklak.Service.DataSets\Maklak.Service.DataSets.csproj", "{E2387762-E5F3-4D2F-AB37-CD4DCFD0B78F}"
EndProject
Global
	GlobalSection(SolutionConfigurationPlatforms) = preSolution
		Debug|Any CPU = Debug|Any CPU
		Release|Any CPU = Release|Any CPU
	EndGlobalSection
	GlobalSection(ProjectConfigurationPlatforms) = postSolution
		{C8928404-5B95-4480-A254-7A69E5F50277}.Debug|Any CPU.ActiveCfg = Debug|Any CPU
		{C8928404-5B95-4480-A254-7A69E5F50277}.Debug|Any CPU.Build.0 = Debug|Any CPU
		{C8928404-5B95-4480-A254-7A69E5F50277}.Release|Any CPU.ActiveCfg = Release|Any CPU
		{C8928404-5B95-4480-A254-7A69E5F50277}.Release|Any CPU.Build.0 = Release|Any CPU
		{576788CF-3EB7-48AD-BA81-E8033BEC54BE}.Debug|Any CPU.ActiveCfg = Debug|Any CPU
		{576788CF-3EB7-48AD-BA81-E8033BEC54BE}.Debug|Any CPU.Build.0 = Debug|Any CPU
		{576788CF-3EB7-48AD-BA81-E8033BEC54BE}.Release|Any CPU.ActiveCfg = Release|Any CPU
		{576788CF-3EB7-48AD-BA81-E8033BEC54BE}.Release|Any CPU.Build.0 = Release|Any CPU
		{E2387762-E5F3-4D2F-AB37-CD4DCFD0B78F}.Debug|Any CPU.ActiveCfg = Debug|Any CPU
		{E2387762-E5F3-4D2F-AB37-CD4DCFD0B78F}.Debug|Any CPU.Build.0 = Debug|Any CPU
		{E2387762-E5F3-4D2F-AB37-CD4DCFD0B78F}.Release|Any CPU.ActiveCfg = Release|Any CPU
		{E2387762-E5F3-4D2F-AB37-CD4DCFD0B78F}.Release|Any CPU.Build.0 = Release|Any CPU
	EndGlobalSection
	GlobalSection(SolutionProperties) = preSolution
		HideSolutionNode = FALSE
	EndGlobalSection
	GlobalSection(ExtensibilityGlobals) = postSolution
		SolutionGuid = {B1A2AD44-2881-498F-A6F8-87389CD48C6B}
	EndGlobalSection
EndGlobal
